
Microsoft Visual Studio Solution File, Format Version 12.00
# Visual Studio 15
Project("{FAE04EC0-301F-11D3-BF4B-00C04F79EFBC}") = "UnityEngine.TestRunner", "UnityEngine.TestRunner.csproj", "{196E70E3-9054-39EE-D764-99E729E6ED47}"
EndProject
Project("{FAE04EC0-301F-11D3-BF4B-00C04F79EFBC}") = "Unity.2D.Animation.Triangle.Runtime", "Unity.2D.Animation.Triangle.Runtime.csproj", "{FE19E840-EA0C-558F-AF07-D2CBD5962F7E}"
EndProject
Project("{FAE04EC0-301F-11D3-BF4B-00C04F79EFBC}") = "UnityEngine.UI", "UnityEngine.UI.csproj", "{5531BC2F-A525-CA04-EB57-9A362B7D03F1}"
EndProject
Project("{FAE04EC0-301F-11D3-BF4B-00C04F79EFBC}") = "Unity.TextMeshPro", "Unity.TextMeshPro.csproj", "{E07B41A0-A83D-1ECE-FB61-D691CED95518}"
EndProject
Project("{FAE04EC0-301F-11D3-BF4B-00C04F79EFBC}") = "Unity.2D.Animation.Runtime", "Unity.2D.Animation.Runtime.csproj", "{DBD04BC8-5EF9-7D02-4E3B-FA8A4198354F}"
EndProject
Project("{FAE04EC0-301F-11D3-BF4B-00C04F79EFBC}") = "Unity.Timeline", "Unity.Timeline.csproj", "{2D56B27E-A4B5-E72D-14DF-31867BC5AED5}"
EndProject
Project("{FAE04EC0-301F-11D3-BF4B-00C04F79EFBC}") = "Unity.Mathematics", "Unity.Mathematics.csproj", "{F7687891-D967-B522-DA7D-A7EB74AE1AAF}"
EndProject
Project("{FAE04EC0-301F-11D3-BF4B-00C04F79EFBC}") = "Unity.2D.SpriteShape.Runtime", "Unity.2D.SpriteShape.Runtime.csproj", "{6D5024B0-C630-6C7B-6494-98D6A9E0BA58}"
EndProject
Project("{FAE04EC0-301F-11D3-BF4B-00C04F79EFBC}") = "Unity.2D.Tilemap.Extras", "Unity.2D.Tilemap.Extras.csproj", "{4620E842-63CF-E55D-21CD-97A69BE6FDC4}"
EndProject
Project("{FAE04EC0-301F-11D3-BF4B-00C04F79EFBC}") = "Unity.2D.PixelPerfect", "Unity.2D.PixelPerfect.csproj", "{79765F26-EE15-45B4-25ED-900AA8C93583}"
EndProject
Project("{FAE04EC0-301F-11D3-BF4B-00C04F79EFBC}") = "Unity.InternalAPIEngineBridge.001", "Unity.InternalAPIEngineBridge.001.csproj", "{C479C3E6-7307-CD5C-8A1E-93E698F8642F}"
EndProject
Project("{FAE04EC0-301F-11D3-BF4B-00C04F79EFBC}") = "Assembly-CSharp", "Assembly-CSharp.csproj", "{34B86F21-E308-AE7A-CA67-D71DC499190E}"
EndProject
Project("{FAE04EC0-301F-11D3-BF4B-00C04F79EFBC}") = "Unity.2D.Common.Runtime", "Unity.2D.Common.Runtime.csproj", "{310BDA0F-23CF-AB65-D32B-4A327384AC16}"
EndProject
Project("{FAE04EC0-301F-11D3-BF4B-00C04F79EFBC}") = "UnityEditor.TestRunner", "UnityEditor.TestRunner.csproj", "{74FA6224-944B-BBB2-658D-A02D928B812A}"
EndProject
Project("{FAE04EC0-301F-11D3-BF4B-00C04F79EFBC}") = "Unity.TextMeshPro.Editor", "Unity.TextMeshPro.Editor.csproj", "{E218D512-039F-EF70-60B8-95F1A05CD513}"
EndProject
Project("{FAE04EC0-301F-11D3-BF4B-00C04F79EFBC}") = "Unity.Timeline.Editor", "Unity.Timeline.Editor.csproj", "{628ECD12-1A5C-C264-7708-1A96384958FC}"
EndProject
Project("{FAE04EC0-301F-11D3-BF4B-00C04F79EFBC}") = "Unity.2D.Animation.Editor", "Unity.2D.Animation.Editor.csproj", "{F7925AA2-653E-2AF7-D540-FAAFA3FA9A36}"
EndProject
Project("{FAE04EC0-301F-11D3-BF4B-00C04F79EFBC}") = "Unity.2D.Path.Editor", "Unity.2D.Path.Editor.csproj", "{73FC1794-A337-18F9-CF55-B12E2502D234}"
EndProject
Project("{FAE04EC0-301F-11D3-BF4B-00C04F79EFBC}") = "Unity.2D.Sprite.Editor", "Unity.2D.Sprite.Editor.csproj", "{6092D1E5-6B61-73A8-5CB1-7396C5DA1C49}"
EndProject
Project("{FAE04EC0-301F-11D3-BF4B-00C04F79EFBC}") = "UnityEditor.UI", "UnityEditor.UI.csproj", "{E7976F86-8983-8E84-11E3-6EDA2D8CD5BE}"
EndProject
Project("{FAE04EC0-301F-11D3-BF4B-00C04F79EFBC}") = "Unity.2D.Tilemap.Extras.Editor", "Unity.2D.Tilemap.Extras.Editor.csproj", "{3B435D11-4AA4-6CF4-E31E-D2FE8656CB0A}"
EndProject
Project("{FAE04EC0-301F-11D3-BF4B-00C04F79EFBC}") = "Unity.Rider.Editor", "Unity.Rider.Editor.csproj", "{81ADAAEB-3503-DDD8-2006-FA534635806C}"
EndProject
Project("{FAE04EC0-301F-11D3-BF4B-00C04F79EFBC}") = "Unity.2D.Tilemap.Editor", "Unity.2D.Tilemap.Editor.csproj", "{AD1BABFC-6BB4-50E9-D6F2-B641CC2F4A5E}"
EndProject
Project("{FAE04EC0-301F-11D3-BF4B-00C04F79EFBC}") = "Unity.2D.SpriteShape.Editor", "Unity.2D.SpriteShape.Editor.csproj", "{B8C9C7A2-0C17-39C9-3A3B-54D323B31E46}"
EndProject
Project("{FAE04EC0-301F-11D3-BF4B-00C04F79EFBC}") = "PsdPlugin", "PsdPlugin.csproj", "{C4AE400B-17E8-B461-38E4-FCD9203BEEB0}"
EndProject
Project("{FAE04EC0-301F-11D3-BF4B-00C04F79EFBC}") = "Unity.CollabProxy.Editor", "Unity.CollabProxy.Editor.csproj", "{B2E7CE77-1315-0A72-0670-1966014ECDF1}"
EndProject
Project("{FAE04EC0-301F-11D3-BF4B-00C04F79EFBC}") = "Unity.2D.Common.Editor", "Unity.2D.Common.Editor.csproj", "{BF7FD3E8-1EE5-8E64-AAEE-4F1EC091BC46}"
EndProject
Project("{FAE04EC0-301F-11D3-BF4B-00C04F79EFBC}") = "Unity.VSCode.Editor", "Unity.VSCode.Editor.csproj", "{9EF04C20-BF56-BB3E-AB40-D1A9C5B6AB0C}"
EndProject
Project("{FAE04EC0-301F-11D3-BF4B-00C04F79EFBC}") = "Unity.2D.Psdimporter.Editor", "Unity.2D.Psdimporter.Editor.csproj", "{DED17722-5961-7431-86E6-D0328BD5E983}"
EndProject
Project("{FAE04EC0-301F-11D3-BF4B-00C04F79EFBC}") = "Unity.2D.PixelPerfect.Editor", "Unity.2D.PixelPerfect.Editor.csproj", "{6A29CE69-5630-311B-B76C-93E9A46B361F}"
EndProject
Project("{FAE04EC0-301F-11D3-BF4B-00C04F79EFBC}") = "Unity.Mathematics.Editor", "Unity.Mathematics.Editor.csproj", "{FF59E0A2-D93C-3B72-717E-CF335BAE2D26}"
EndProject
Project("{FAE04EC0-301F-11D3-BF4B-00C04F79EFBC}") = "Unity.2D.Tilemap.Extras.Placeholder.EditorTests", "Unity.2D.Tilemap.Extras.Placeholder.EditorTests.csproj", "{82971573-731A-069F-8FBC-BD89207E0D28}"
EndProject
Project("{FAE04EC0-301F-11D3-BF4B-00C04F79EFBC}") = "Unity.InternalAPIEditorBridge.001", "Unity.InternalAPIEditorBridge.001.csproj", "{804E6FA0-A3EC-F35D-7339-352D2C78C081}"
EndProject
Project("{FAE04EC0-301F-11D3-BF4B-00C04F79EFBC}") = "Unity.2D.Tilemap.Extras.Player", "Unity.2D.Tilemap.Extras.Player.csproj", "{7BAC1EDC-D3E5-DA13-331F-D564AC3F120F}"
EndProject
Project("{FAE04EC0-301F-11D3-BF4B-00C04F79EFBC}") = "Assembly-CSharp.Player", "Assembly-CSharp.Player.csproj", "{6066E543-6188-A440-E372-875A7F02E00F}"
EndProject
Global
	GlobalSection(SolutionConfigurationPlatforms) = preSolution
		Debug|Any CPU = Debug|Any CPU
		Release|Any CPU = Release|Any CPU
	EndGlobalSection
	GlobalSection(ProjectConfigurationPlatforms) = postSolution
		{196E70E3-9054-39EE-D764-99E729E6ED47}.Debug|Any CPU.ActiveCfg = Debug|Any CPU
		{196E70E3-9054-39EE-D764-99E729E6ED47}.Debug|Any CPU.Build.0 = Debug|Any CPU
		{196E70E3-9054-39EE-D764-99E729E6ED47}.Release|Any CPU.ActiveCfg = Release|Any CPU
		{196E70E3-9054-39EE-D764-99E729E6ED47}.Release|Any CPU.Build.0 = Release|Any CPU
		{FE19E840-EA0C-558F-AF07-D2CBD5962F7E}.Debug|Any CPU.ActiveCfg = Debug|Any CPU
		{FE19E840-EA0C-558F-AF07-D2CBD5962F7E}.Debug|Any CPU.Build.0 = Debug|Any CPU
		{FE19E840-EA0C-558F-AF07-D2CBD5962F7E}.Release|Any CPU.ActiveCfg = Release|Any CPU
		{FE19E840-EA0C-558F-AF07-D2CBD5962F7E}.Release|Any CPU.Build.0 = Release|Any CPU
		{5531BC2F-A525-CA04-EB57-9A362B7D03F1}.Debug|Any CPU.ActiveCfg = Debug|Any CPU
		{5531BC2F-A525-CA04-EB57-9A362B7D03F1}.Debug|Any CPU.Build.0 = Debug|Any CPU
		{5531BC2F-A525-CA04-EB57-9A362B7D03F1}.Release|Any CPU.ActiveCfg = Release|Any CPU
		{5531BC2F-A525-CA04-EB57-9A362B7D03F1}.Release|Any CPU.Build.0 = Release|Any CPU
		{E07B41A0-A83D-1ECE-FB61-D691CED95518}.Debug|Any CPU.ActiveCfg = Debug|Any CPU
		{E07B41A0-A83D-1ECE-FB61-D691CED95518}.Debug|Any CPU.Build.0 = Debug|Any CPU
		{E07B41A0-A83D-1ECE-FB61-D691CED95518}.Release|Any CPU.ActiveCfg = Release|Any CPU
		{E07B41A0-A83D-1ECE-FB61-D691CED95518}.Release|Any CPU.Build.0 = Release|Any CPU
		{DBD04BC8-5EF9-7D02-4E3B-FA8A4198354F}.Debug|Any CPU.ActiveCfg = Debug|Any CPU
		{DBD04BC8-5EF9-7D02-4E3B-FA8A4198354F}.Debug|Any CPU.Build.0 = Debug|Any CPU
		{DBD04BC8-5EF9-7D02-4E3B-FA8A4198354F}.Release|Any CPU.ActiveCfg = Release|Any CPU
		{DBD04BC8-5EF9-7D02-4E3B-FA8A4198354F}.Release|Any CPU.Build.0 = Release|Any CPU
		{2D56B27E-A4B5-E72D-14DF-31867BC5AED5}.Debug|Any CPU.ActiveCfg = Debug|Any CPU
		{2D56B27E-A4B5-E72D-14DF-31867BC5AED5}.Debug|Any CPU.Build.0 = Debug|Any CPU
		{2D56B27E-A4B5-E72D-14DF-31867BC5AED5}.Release|Any CPU.ActiveCfg = Release|Any CPU
		{2D56B27E-A4B5-E72D-14DF-31867BC5AED5}.Release|Any CPU.Build.0 = Release|Any CPU
		{F7687891-D967-B522-DA7D-A7EB74AE1AAF}.Debug|Any CPU.ActiveCfg = Debug|Any CPU
		{F7687891-D967-B522-DA7D-A7EB74AE1AAF}.Debug|Any CPU.Build.0 = Debug|Any CPU
		{F7687891-D967-B522-DA7D-A7EB74AE1AAF}.Release|Any CPU.ActiveCfg = Release|Any CPU
		{F7687891-D967-B522-DA7D-A7EB74AE1AAF}.Release|Any CPU.Build.0 = Release|Any CPU
		{6D5024B0-C630-6C7B-6494-98D6A9E0BA58}.Debug|Any CPU.ActiveCfg = Debug|Any CPU
		{6D5024B0-C630-6C7B-6494-98D6A9E0BA58}.Debug|Any CPU.Build.0 = Debug|Any CPU
		{6D5024B0-C630-6C7B-6494-98D6A9E0BA58}.Release|Any CPU.ActiveCfg = Release|Any CPU
		{6D5024B0-C630-6C7B-6494-98D6A9E0BA58}.Release|Any CPU.Build.0 = Release|Any CPU
		{4620E842-63CF-E55D-21CD-97A69BE6FDC4}.Debug|Any CPU.ActiveCfg = Debug|Any CPU
		{4620E842-63CF-E55D-21CD-97A69BE6FDC4}.Debug|Any CPU.Build.0 = Debug|Any CPU
		{4620E842-63CF-E55D-21CD-97A69BE6FDC4}.Release|Any CPU.ActiveCfg = Release|Any CPU
		{4620E842-63CF-E55D-21CD-97A69BE6FDC4}.Release|Any CPU.Build.0 = Release|Any CPU
		{79765F26-EE15-45B4-25ED-900AA8C93583}.Debug|Any CPU.ActiveCfg = Debug|Any CPU
		{79765F26-EE15-45B4-25ED-900AA8C93583}.Debug|Any CPU.Build.0 = Debug|Any CPU
		{79765F26-EE15-45B4-25ED-900AA8C93583}.Release|Any CPU.ActiveCfg = Release|Any CPU
		{79765F26-EE15-45B4-25ED-900AA8C93583}.Release|Any CPU.Build.0 = Release|Any CPU
		{C479C3E6-7307-CD5C-8A1E-93E698F8642F}.Debug|Any CPU.ActiveCfg = Debug|Any CPU
		{C479C3E6-7307-CD5C-8A1E-93E698F8642F}.Debug|Any CPU.Build.0 = Debug|Any CPU
		{C479C3E6-7307-CD5C-8A1E-93E698F8642F}.Release|Any CPU.ActiveCfg = Release|Any CPU
		{C479C3E6-7307-CD5C-8A1E-93E698F8642F}.Release|Any CPU.Build.0 = Release|Any CPU
		{34B86F21-E308-AE7A-CA67-D71DC499190E}.Debug|Any CPU.ActiveCfg = Debug|Any CPU
		{34B86F21-E308-AE7A-CA67-D71DC499190E}.Debug|Any CPU.Build.0 = Debug|Any CPU
		{34B86F21-E308-AE7A-CA67-D71DC499190E}.Release|Any CPU.ActiveCfg = Release|Any CPU
		{34B86F21-E308-AE7A-CA67-D71DC499190E}.Release|Any CPU.Build.0 = Release|Any CPU
		{310BDA0F-23CF-AB65-D32B-4A327384AC16}.Debug|Any CPU.ActiveCfg = Debug|Any CPU
		{310BDA0F-23CF-AB65-D32B-4A327384AC16}.Debug|Any CPU.Build.0 = Debug|Any CPU
		{310BDA0F-23CF-AB65-D32B-4A327384AC16}.Release|Any CPU.ActiveCfg = Release|Any CPU
		{310BDA0F-23CF-AB65-D32B-4A327384AC16}.Release|Any CPU.Build.0 = Release|Any CPU
		{74FA6224-944B-BBB2-658D-A02D928B812A}.Debug|Any CPU.ActiveCfg = Debug|Any CPU
		{74FA6224-944B-BBB2-658D-A02D928B812A}.Debug|Any CPU.Build.0 = Debug|Any CPU
		{74FA6224-944B-BBB2-658D-A02D928B812A}.Release|Any CPU.ActiveCfg = Release|Any CPU
		{74FA6224-944B-BBB2-658D-A02D928B812A}.Release|Any CPU.Build.0 = Release|Any CPU
		{E218D512-039F-EF70-60B8-95F1A05CD513}.Debug|Any CPU.ActiveCfg = Debug|Any CPU
		{E218D512-039F-EF70-60B8-95F1A05CD513}.Debug|Any CPU.Build.0 = Debug|Any CPU
		{E218D512-039F-EF70-60B8-95F1A05CD513}.Release|Any CPU.ActiveCfg = Release|Any CPU
		{E218D512-039F-EF70-60B8-95F1A05CD513}.Release|Any CPU.Build.0 = Release|Any CPU
		{628ECD12-1A5C-C264-7708-1A96384958FC}.Debug|Any CPU.ActiveCfg = Debug|Any CPU
		{628ECD12-1A5C-C264-7708-1A96384958FC}.Debug|Any CPU.Build.0 = Debug|Any CPU
		{628ECD12-1A5C-C264-7708-1A96384958FC}.Release|Any CPU.ActiveCfg = Release|Any CPU
		{628ECD12-1A5C-C264-7708-1A96384958FC}.Release|Any CPU.Build.0 = Release|Any CPU
		{F7925AA2-653E-2AF7-D540-FAAFA3FA9A36}.Debug|Any CPU.ActiveCfg = Debug|Any CPU
		{F7925AA2-653E-2AF7-D540-FAAFA3FA9A36}.Debug|Any CPU.Build.0 = Debug|Any CPU
		{F7925AA2-653E-2AF7-D540-FAAFA3FA9A36}.Release|Any CPU.ActiveCfg = Release|Any CPU
		{F7925AA2-653E-2AF7-D540-FAAFA3FA9A36}.Release|Any CPU.Build.0 = Release|Any CPU
		{73FC1794-A337-18F9-CF55-B12E2502D234}.Debug|Any CPU.ActiveCfg = Debug|Any CPU
		{73FC1794-A337-18F9-CF55-B12E2502D234}.Debug|Any CPU.Build.0 = Debug|Any CPU
		{73FC1794-A337-18F9-CF55-B12E2502D234}.Release|Any CPU.ActiveCfg = Release|Any CPU
		{73FC1794-A337-18F9-CF55-B12E2502D234}.Release|Any CPU.Build.0 = Release|Any CPU
		{6092D1E5-6B61-73A8-5CB1-7396C5DA1C49}.Debug|Any CPU.ActiveCfg = Debug|Any CPU
		{6092D1E5-6B61-73A8-5CB1-7396C5DA1C49}.Debug|Any CPU.Build.0 = Debug|Any CPU
		{6092D1E5-6B61-73A8-5CB1-7396C5DA1C49}.Release|Any CPU.ActiveCfg = Release|Any CPU
		{6092D1E5-6B61-73A8-5CB1-7396C5DA1C49}.Release|Any CPU.Build.0 = Release|Any CPU
		{E7976F86-8983-8E84-11E3-6EDA2D8CD5BE}.Debug|Any CPU.ActiveCfg = Debug|Any CPU
		{E7976F86-8983-8E84-11E3-6EDA2D8CD5BE}.Debug|Any CPU.Build.0 = Debug|Any CPU
		{E7976F86-8983-8E84-11E3-6EDA2D8CD5BE}.Release|Any CPU.ActiveCfg = Release|Any CPU
		{E7976F86-8983-8E84-11E3-6EDA2D8CD5BE}.Release|Any CPU.Build.0 = Release|Any CPU
		{3B435D11-4AA4-6CF4-E31E-D2FE8656CB0A}.Debug|Any CPU.ActiveCfg = Debug|Any CPU
		{3B435D11-4AA4-6CF4-E31E-D2FE8656CB0A}.Debug|Any CPU.Build.0 = Debug|Any CPU
		{3B435D11-4AA4-6CF4-E31E-D2FE8656CB0A}.Release|Any CPU.ActiveCfg = Release|Any CPU
		{3B435D11-4AA4-6CF4-E31E-D2FE8656CB0A}.Release|Any CPU.Build.0 = Release|Any CPU
		{81ADAAEB-3503-DDD8-2006-FA534635806C}.Debug|Any CPU.ActiveCfg = Debug|Any CPU
		{81ADAAEB-3503-DDD8-2006-FA534635806C}.Debug|Any CPU.Build.0 = Debug|Any CPU
		{81ADAAEB-3503-DDD8-2006-FA534635806C}.Release|Any CPU.ActiveCfg = Release|Any CPU
		{81ADAAEB-3503-DDD8-2006-FA534635806C}.Release|Any CPU.Build.0 = Release|Any CPU
		{AD1BABFC-6BB4-50E9-D6F2-B641CC2F4A5E}.Debug|Any CPU.ActiveCfg = Debug|Any CPU
		{AD1BABFC-6BB4-50E9-D6F2-B641CC2F4A5E}.Debug|Any CPU.Build.0 = Debug|Any CPU
		{AD1BABFC-6BB4-50E9-D6F2-B641CC2F4A5E}.Release|Any CPU.ActiveCfg = Release|Any CPU
		{AD1BABFC-6BB4-50E9-D6F2-B641CC2F4A5E}.Release|Any CPU.Build.0 = Release|Any CPU
		{B8C9C7A2-0C17-39C9-3A3B-54D323B31E46}.Debug|Any CPU.ActiveCfg = Debug|Any CPU
		{B8C9C7A2-0C17-39C9-3A3B-54D323B31E46}.Debug|Any CPU.Build.0 = Debug|Any CPU
		{B8C9C7A2-0C17-39C9-3A3B-54D323B31E46}.Release|Any CPU.ActiveCfg = Release|Any CPU
		{B8C9C7A2-0C17-39C9-3A3B-54D323B31E46}.Release|Any CPU.Build.0 = Release|Any CPU
		{C4AE400B-17E8-B461-38E4-FCD9203BEEB0}.Debug|Any CPU.ActiveCfg = Debug|Any CPU
		{C4AE400B-17E8-B461-38E4-FCD9203BEEB0}.Debug|Any CPU.Build.0 = Debug|Any CPU
		{C4AE400B-17E8-B461-38E4-FCD9203BEEB0}.Release|Any CPU.ActiveCfg = Release|Any CPU
		{C4AE400B-17E8-B461-38E4-FCD9203BEEB0}.Release|Any CPU.Build.0 = Release|Any CPU
		{B2E7CE77-1315-0A72-0670-1966014ECDF1}.Debug|Any CPU.ActiveCfg = Debug|Any CPU
		{B2E7CE77-1315-0A72-0670-1966014ECDF1}.Debug|Any CPU.Build.0 = Debug|Any CPU
		{B2E7CE77-1315-0A72-0670-1966014ECDF1}.Release|Any CPU.ActiveCfg = Release|Any CPU
		{B2E7CE77-1315-0A72-0670-1966014ECDF1}.Release|Any CPU.Build.0 = Release|Any CPU
		{BF7FD3E8-1EE5-8E64-AAEE-4F1EC091BC46}.Debug|Any CPU.ActiveCfg = Debug|Any CPU
		{BF7FD3E8-1EE5-8E64-AAEE-4F1EC091BC46}.Debug|Any CPU.Build.0 = Debug|Any CPU
		{BF7FD3E8-1EE5-8E64-AAEE-4F1EC091BC46}.Release|Any CPU.ActiveCfg = Release|Any CPU
		{BF7FD3E8-1EE5-8E64-AAEE-4F1EC091BC46}.Release|Any CPU.Build.0 = Release|Any CPU
		{9EF04C20-BF56-BB3E-AB40-D1A9C5B6AB0C}.Debug|Any CPU.ActiveCfg = Debug|Any CPU
		{9EF04C20-BF56-BB3E-AB40-D1A9C5B6AB0C}.Debug|Any CPU.Build.0 = Debug|Any CPU
		{9EF04C20-BF56-BB3E-AB40-D1A9C5B6AB0C}.Release|Any CPU.ActiveCfg = Release|Any CPU
		{9EF04C20-BF56-BB3E-AB40-D1A9C5B6AB0C}.Release|Any CPU.Build.0 = Release|Any CPU
		{DED17722-5961-7431-86E6-D0328BD5E983}.Debug|Any CPU.ActiveCfg = Debug|Any CPU
		{DED17722-5961-7431-86E6-D0328BD5E983}.Debug|Any CPU.Build.0 = Debug|Any CPU
		{DED17722-5961-7431-86E6-D0328BD5E983}.Release|Any CPU.ActiveCfg = Release|Any CPU
		{DED17722-5961-7431-86E6-D0328BD5E983}.Release|Any CPU.Build.0 = Release|Any CPU
		{6A29CE69-5630-311B-B76C-93E9A46B361F}.Debug|Any CPU.ActiveCfg = Debug|Any CPU
		{6A29CE69-5630-311B-B76C-93E9A46B361F}.Debug|Any CPU.Build.0 = Debug|Any CPU
		{6A29CE69-5630-311B-B76C-93E9A46B361F}.Release|Any CPU.ActiveCfg = Release|Any CPU
		{6A29CE69-5630-311B-B76C-93E9A46B361F}.Release|Any CPU.Build.0 = Release|Any CPU
		{FF59E0A2-D93C-3B72-717E-CF335BAE2D26}.Debug|Any CPU.ActiveCfg = Debug|Any CPU
		{FF59E0A2-D93C-3B72-717E-CF335BAE2D26}.Debug|Any CPU.Build.0 = Debug|Any CPU
		{FF59E0A2-D93C-3B72-717E-CF335BAE2D26}.Release|Any CPU.ActiveCfg = Release|Any CPU
		{FF59E0A2-D93C-3B72-717E-CF335BAE2D26}.Release|Any CPU.Build.0 = Release|Any CPU
		{82971573-731A-069F-8FBC-BD89207E0D28}.Debug|Any CPU.ActiveCfg = Debug|Any CPU
		{82971573-731A-069F-8FBC-BD89207E0D28}.Debug|Any CPU.Build.0 = Debug|Any CPU
		{82971573-731A-069F-8FBC-BD89207E0D28}.Release|Any CPU.ActiveCfg = Release|Any CPU
		{82971573-731A-069F-8FBC-BD89207E0D28}.Release|Any CPU.Build.0 = Release|Any CPU
		{804E6FA0-A3EC-F35D-7339-352D2C78C081}.Debug|Any CPU.ActiveCfg = Debug|Any CPU
		{804E6FA0-A3EC-F35D-7339-352D2C78C081}.Debug|Any CPU.Build.0 = Debug|Any CPU
		{804E6FA0-A3EC-F35D-7339-352D2C78C081}.Release|Any CPU.ActiveCfg = Release|Any CPU
		{804E6FA0-A3EC-F35D-7339-352D2C78C081}.Release|Any CPU.Build.0 = Release|Any CPU
		{7BAC1EDC-D3E5-DA13-331F-D564AC3F120F}.Debug|Any CPU.ActiveCfg = Debug|Any CPU
		{7BAC1EDC-D3E5-DA13-331F-D564AC3F120F}.Debug|Any CPU.Build.0 = Debug|Any CPU
		{7BAC1EDC-D3E5-DA13-331F-D564AC3F120F}.Release|Any CPU.ActiveCfg = Release|Any CPU
		{7BAC1EDC-D3E5-DA13-331F-D564AC3F120F}.Release|Any CPU.Build.0 = Release|Any CPU
		{6066E543-6188-A440-E372-875A7F02E00F}.Debug|Any CPU.ActiveCfg = Debug|Any CPU
		{6066E543-6188-A440-E372-875A7F02E00F}.Debug|Any CPU.Build.0 = Debug|Any CPU
		{6066E543-6188-A440-E372-875A7F02E00F}.Release|Any CPU.ActiveCfg = Release|Any CPU
		{6066E543-6188-A440-E372-875A7F02E00F}.Release|Any CPU.Build.0 = Release|Any CPU
	EndGlobalSection
	GlobalSection(SolutionProperties) = preSolution
		HideSolutionNode = FALSE
	EndGlobalSection
EndGlobal
